{
  "name": "anima-webhook",
  "version": "5.9.0",
  "lockfileVersion": 3,
  "requires": true,
  "packages": {
    "": {
      "name": "anima-webhook",
      "version": "5.9.0",
      "dependencies": {
        "express": "^4.18.3",
        "express-rate-limit": "^7.2.0",
        "helmet": "^7.1.0",
        "ioredis": "^5.10.0",
        "pg": "^8.11.3",
        "winston": "^3.11.0"
      },
      "engines": {
        "node": ">=20.0.0"
      }
    }
  }
}
